
Microsoft Visual Studio Solution File, Format Version 12.00
# Visual Studio Version 16
VisualStudioVersion = 16.0.28803.352
MinimumVisualStudioVersion = 10.0.40219.1
Project("{FAE04EC0-301F-11D3-BF4B-00C04F79EFBC}") = "FleetCarsWPF", "FleetCarsWPF\FleetCarsWPF.csproj", "{C7A7F965-072B-47FD-80FF-7A8D6BB6230A}"
EndProject
Global
	GlobalSection(SolutionConfigurationPlatforms) = preSolution
		Debug|Any CPU = Debug|Any CPU
		Release|Any CPU = Release|Any CPU
	EndGlobalSection
	GlobalSection(ProjectConfigurationPlatforms) = postSolution
		{C7A7F965-072B-47FD-80FF-7A8D6BB6230A}.Debug|Any CPU.ActiveCfg = Debug|Any CPU
		{C7A7F965-072B-47FD-80FF-7A8D6BB6230A}.Debug|Any CPU.Build.0 = Debug|Any CPU
		{C7A7F965-072B-47FD-80FF-7A8D6BB6230A}.Release|Any CPU.ActiveCfg = Release|Any CPU
		{C7A7F965-072B-47FD-80FF-7A8D6BB6230A}.Release|Any CPU.Build.0 = Release|Any CPU
	EndGlobalSection
	GlobalSection(SolutionProperties) = preSolution
		HideSolutionNode = FALSE
	EndGlobalSection
	GlobalSection(ExtensibilityGlobals) = postSolution
		SolutionGuid = {C7B17C77-0694-49AA-98A7-AB8667A9258F}
	EndGlobalSection
EndGlobal
